
Microsoft Visual Studio Solution File, Format Version 12.00
# Visual Studio Version 17
VisualStudioVersion = 17.3.32929.385
MinimumVisualStudioVersion = 10.0.40219.1
Project("{FAE04EC0-301F-11D3-BF4B-00C04F79EFBC}") = "UEH-CSLT-B3", "UEH-CSLT-B3\UEH-CSLT-B3.csproj", "{FCEE3A21-37B2-4F8A-A4A6-FF7873FBDE66}"
EndProject
Global
	GlobalSection(SolutionConfigurationPlatforms) = preSolution
		Debug|Any CPU = Debug|Any CPU
		Release|Any CPU = Release|Any CPU
	EndGlobalSection
	GlobalSection(ProjectConfigurationPlatforms) = postSolution
		{FCEE3A21-37B2-4F8A-A4A6-FF7873FBDE66}.Debug|Any CPU.ActiveCfg = Debug|Any CPU
		{FCEE3A21-37B2-4F8A-A4A6-FF7873FBDE66}.Debug|Any CPU.Build.0 = Debug|Any CPU
		{FCEE3A21-37B2-4F8A-A4A6-FF7873FBDE66}.Release|Any CPU.ActiveCfg = Release|Any CPU
		{FCEE3A21-37B2-4F8A-A4A6-FF7873FBDE66}.Release|Any CPU.Build.0 = Release|Any CPU
	EndGlobalSection
	GlobalSection(SolutionProperties) = preSolution
		HideSolutionNode = FALSE
	EndGlobalSection
	GlobalSection(ExtensibilityGlobals) = postSolution
		SolutionGuid = {B70C159F-BE5F-4277-80B2-738A7E4644CB}
	EndGlobalSection
EndGlobal
